
Microsoft Visual Studio Solution File, Format Version 12.00
# Visual Studio Version 16
VisualStudioVersion = 16.0.32413.511
MinimumVisualStudioVersion = 10.0.40219.1
Project("{FAE04EC0-301F-11D3-BF4B-00C04F79EFBC}") = "Labb3-Model", "Labb3-Models\Labb3-Model.csproj", "{BF1DD501-D0AE-4A23-9B92-116EEDFEF2D1}"
EndProject
Project("{FAE04EC0-301F-11D3-BF4B-00C04F79EFBC}") = "Labb3-API", "Labb3-API\Labb3-API.csproj", "{CA10252B-6212-480F-BEA0-04EE4D5212EE}"
EndProject
Global
	GlobalSection(SolutionConfigurationPlatforms) = preSolution
		Debug|Any CPU = Debug|Any CPU
		Release|Any CPU = Release|Any CPU
	EndGlobalSection
	GlobalSection(ProjectConfigurationPlatforms) = postSolution
		{BF1DD501-D0AE-4A23-9B92-116EEDFEF2D1}.Debug|Any CPU.ActiveCfg = Debug|Any CPU
		{BF1DD501-D0AE-4A23-9B92-116EEDFEF2D1}.Debug|Any CPU.Build.0 = Debug|Any CPU
		{BF1DD501-D0AE-4A23-9B92-116EEDFEF2D1}.Release|Any CPU.ActiveCfg = Release|Any CPU
		{BF1DD501-D0AE-4A23-9B92-116EEDFEF2D1}.Release|Any CPU.Build.0 = Release|Any CPU
		{CA10252B-6212-480F-BEA0-04EE4D5212EE}.Debug|Any CPU.ActiveCfg = Debug|Any CPU
		{CA10252B-6212-480F-BEA0-04EE4D5212EE}.Debug|Any CPU.Build.0 = Debug|Any CPU
		{CA10252B-6212-480F-BEA0-04EE4D5212EE}.Release|Any CPU.ActiveCfg = Release|Any CPU
		{CA10252B-6212-480F-BEA0-04EE4D5212EE}.Release|Any CPU.Build.0 = Release|Any CPU
	EndGlobalSection
	GlobalSection(SolutionProperties) = preSolution
		HideSolutionNode = FALSE
	EndGlobalSection
	GlobalSection(ExtensibilityGlobals) = postSolution
		SolutionGuid = {EA1AD254-D721-4B4B-B607-074E782AB0DF}
	EndGlobalSection
EndGlobal
